PODS:
  - AFNetworking (1.3.1)
  - OCRSDKClient (0.2.1):
    - AFNetworking (= 1.3.1)
    - XMLDictionary (= 1.2.2)
  - XMLDictionary (1.2.2)

DEPENDENCIES:
  - OCRSDKClient (= 0.2.1)

SPEC CHECKSUMS:
  AFNetworking: 5db28423ed062e2b15b97c731f06cfb6668e607a
  OCRSDKClient: a6259fd61d0155c9a7281837445103b0e0812673
  XMLDictionary: f91fc96e7a43ea7e2bd9e76e532574066dc4eb1f

COCOAPODS: 0.34.4
